
Microsoft Visual Studio Solution File, Format Version 12.00
# Visual Studio Version 16
VisualStudioVersion = 16.0.29519.181
MinimumVisualStudioVersion = 10.0.40219.1
Project("{FAE04EC0-301F-11D3-BF4B-00C04F79EFBC}") = "IdentityServer.ClientCredentials", "IdentityServer.ClientCredentials.csproj", "{7CA33346-CFD4-4863-8340-89C6E2A43838}"
EndProject
Project("{FAE04EC0-301F-11D3-BF4B-00C04F79EFBC}") = "IdentityServer.ClientCredentials.DataAccess", "..\Identityerver.ClientCredentials.DataAccess\IdentityServer.ClientCredentials.DataAccess.csproj", "{91C9939D-79D1-42CE-A965-0E89040E2549}"
EndProject
Global
	GlobalSection(SolutionConfigurationPlatforms) = preSolution
		Debug|Any CPU = Debug|Any CPU
		Release|Any CPU = Release|Any CPU
	EndGlobalSection
	GlobalSection(ProjectConfigurationPlatforms) = postSolution
		{7CA33346-CFD4-4863-8340-89C6E2A43838}.Debug|Any CPU.ActiveCfg = Debug|Any CPU
		{7CA33346-CFD4-4863-8340-89C6E2A43838}.Debug|Any CPU.Build.0 = Debug|Any CPU
		{7CA33346-CFD4-4863-8340-89C6E2A43838}.Release|Any CPU.ActiveCfg = Release|Any CPU
		{7CA33346-CFD4-4863-8340-89C6E2A43838}.Release|Any CPU.Build.0 = Release|Any CPU
		{91C9939D-79D1-42CE-A965-0E89040E2549}.Debug|Any CPU.ActiveCfg = Debug|Any CPU
		{91C9939D-79D1-42CE-A965-0E89040E2549}.Debug|Any CPU.Build.0 = Debug|Any CPU
		{91C9939D-79D1-42CE-A965-0E89040E2549}.Release|Any CPU.ActiveCfg = Release|Any CPU
		{91C9939D-79D1-42CE-A965-0E89040E2549}.Release|Any CPU.Build.0 = Release|Any CPU
	EndGlobalSection
	GlobalSection(SolutionProperties) = preSolution
		HideSolutionNode = FALSE
	EndGlobalSection
	GlobalSection(ExtensibilityGlobals) = postSolution
		SolutionGuid = {0CD8615F-C78F-4094-ADDB-34E2F633873F}
	EndGlobalSection
EndGlobal
